{
  "name": "calciodm3",
  "version": "1.0.0",
  "lockfileVersion": 2,
  "requires": true,
  "packages": {
    "": {
      "name": "calciodm3",
      "version": "1.0.0",
      "devDependencies": {
        "tailwindcss": "^3.3.0"
      }
    },
    "node_modules/tailwindcss": {
      "version": "3.3.0",
      "resolved": "https://registry.npmjs.org/tailwindcss/-/tailwindcss-3.3.0.tgz",
      "integrity": "sha512-2s4J1aH6VH56UfQQLQ0zFdLwOQnRni+YR2JmtlTUX1VdmesU57w0Xe+c2tG2//cEm/fq9/5krNTX6TJ3X2quAA==",
      "dev": true,
      "license": "MIT",
      "dependencies": {
        "@tailwindcss/oxide": "^0.8.0",
        "arg": "^5.0.2",
        "chokidar": "^3.5.3",
        "didyoumean": "^1.2.2",
        "dlv": "^1.1.3",
        "fast-glob": "^3.3.0",
        "glob-parent": "^6.0.2",
        "is-glob": "^4.0.3",
        "lilconfig": "^2.1.0",
        "micromatch": "^4.0.5",
        "normalize-path": "^3.0.0",
        "object-hash": "^3.0.0",
        "picocolors": "^1.0.0",
        "postcss": "^8.4.23",
        "postcss-js": "^4.0.0",
        "postcss-nested": "^6.0.1",
        "postcss-selector-parser": "^6.0.11",
        "resolve": "^1.22.2",
        "tailwindcss": "3.3.0"
      },
      "bin": {
        "tailwind": "lib/cli.js",
        "tailwindcss": "lib/cli.js"
      },
      "engines": {
        "node": ">=14.0.0"
      }
    }
  },
  "dependencies": {
    "tailwindcss": {
      "version": "3.3.0",
      "resolved": "https://registry.npmjs.org/tailwindcss/-/tailwindcss-3.3.0.tgz",
      "integrity": "sha512-2s4J1aH6VH56UfQQLQ0zFdLwOQnRni+YR2JmtlTUX1VdmesU57w0Xe+c2tG2//cEm/fq9/5krNTX6TJ3X2quAA==",
      "dev": true
    }
  }
}
