{
  "name": "calciodm3",
  "version": "1.0.0",
  "lockfileVersion": 2,
  "requires": true,
  "packages": {
    "": {
      "name": "calciodm3",
      "version": "1.0.0",
      "devDependencies": {
        "tailwindcss": "^3.3.0"
      }
    },
    "node_modules/tailwindcss": {
      "version": "3.3.0",
      "resolved": "https://registry.npmjs.org/tailwindcss/-/tailwindcss-3.3.0.tgz",
      "integrity": "sha512-2s4J1aH6VH56UfQQLQ0zFdLwOQnRni+YR2JmtlTUX1VdmesU57w0Xe+c2tG2//cEm/fq9/5krNTX6TJ3X2quAA==",
      "dev": true
    }
  },
  "dependencies": {
    "tailwindcss": {
      "version": "3.3.0",
      "resolved": "https://registry.npmjs.org/tailwindcss/-/tailwindcss-3.3.0.tgz",
      "integrity": "sha512-2s4J1aH6VH56UfQQLQ0zFdLwOQnRni+YR2JmtlTUX1VdmesU57w0Xe+c2tG2//cEm/fq9/5krNTX6TJ3X2quAA==",
      "dev": true
    }
  }
}
